// !$*UTF8*$!
{
	archiveVersion = 1;
	classes = {
	};
	objectVersion = 46;
	objects = {

/* Begin PBXBuildFile section */
		AE9563F51C4488A600379A5E /* main.m in Sources */ = {isa = PBXBuildFile; fileRef = AE9563F41C4488A600379A5E /* main.m */; };
		AE9563F81C4488A600379A5E /* AppDelegate.m in Sources */ = {isa = PBXBuildFile; fileRef = AE9563F71C4488A600379A5E /* AppDelegate.m */; };
		AE9564001C4488A600379A5E /* Assets.xcassets in Resources */ = {isa = PBXBuildFile; fileRef = AE9563FF1C4488A600379A5E /* Assets.xcassets */; };
		AE9564031C4488A600379A5E /* LaunchScreen.storyboard in Resources */ = {isa = PBXBuildFile; fileRef = AE9564011C4488A600379A5E /* LaunchScreen.storyboard */; };
		AE95640E1C4488A600379A5E /* TuneInStationTests.m in Sources */ = {isa = PBXBuildFile; fileRef = AE95640D1C4488A600379A5E /* TuneInStationTests.m */; };
		AE9564221C448ED300379A5E /* MainTableViewController.m in Sources */ = {isa = PBXBuildFile; fileRef = AE9564201C448ED300379A5E /* MainTableViewController.m */; };
		AE9564231C448ED300379A5E /* MainTableViewController.xib in Resources */ = {isa = PBXBuildFile; fileRef = AE9564211C448ED300379A5E /* MainTableViewController.xib */; };
		AE9564291C44904200379A5E /* stationFetchManager.m in Sources */ = {isa = PBXBuildFile; fileRef = AE9564281C44904200379A5E /* stationFetchManager.m */; };
		AE9564311C44964000379A5E /* stationCategory.m in Sources */ = {isa = PBXBuildFile; fileRef = AE9564301C44964000379A5E /* stationCategory.m */; };
		AE9564341C44C93A00379A5E /* station.m in Sources */ = {isa = PBXBuildFile; fileRef = AE9564331C44C93A00379A5E /* station.m */; };
		F911BBCCF46E932128F2B8C6 /* libPods.a in Frameworks */ = {isa = PBXBuildFile; fileRef = 4F85E175587FCCC262F25851 /* libPods.a */; };
/* End PBXBuildFile section */

/* Begin PBXContainerItemProxy section */
		AE95640A1C4488A600379A5E /* PBXContainerItemProxy */ = {
			isa = PBXContainerItemProxy;
			containerPortal = AE9563E81C4488A600379A5E /* Project object */;
			proxyType = 1;
			remoteGlobalIDString = AE9563EF1C4488A600379A5E;
			remoteInfo = TuneInStation;
		};
/* End PBXContainerItemProxy section */

/* Begin PBXFileReference section */
		2176FE72E828440407DAABF6 /* Pods.release.xcconfig */ = {isa = PBXFileReference; includeInIndex = 1; lastKnownFileType = text.xcconfig; name = Pods.release.xcconfig; path = "Pods/Target Support Files/Pods/Pods.release.xcconfig"; sourceTree = "<group>"; };
		4F85E175587FCCC262F25851 /* libPods.a */ = {isa = PBXFileReference; explicitFileType = archive.ar; includeInIndex = 0; path = libPods.a; sourceTree = BUILT_PRODUCTS_DIR; };
		76E0404CC156D308EC44DE0B /* Pods.debug.xcconfig */ = {isa = PBXFileReference; includeInIndex = 1; lastKnownFileType = text.xcconfig; name = Pods.debug.xcconfig; path = "Pods/Target Support Files/Pods/Pods.debug.xcconfig"; sourceTree = "<group>"; };
		AE9563F01C4488A600379A5E /* TuneInStation.app */ = {isa = PBXFileReference; explicitFileType = wrapper.application; includeInIndex = 0; path = TuneInStation.app; sourceTree = BUILT_PRODUCTS_DIR; };
		AE9563F41C4488A600379A5E /* main.m */ = {isa = PBXFileReference; lastKnownFileType = sourcecode.c.objc; path = main.m; sourceTree = "<group>"; };
		AE9563F61C4488A600379A5E /* AppDelegate.h */ = {isa = PBXFileReference; lastKnownFileType = sourcecode.c.h; path = AppDelegate.h; sourceTree = "<group>"; };
		AE9563F71C4488A600379A5E /* AppDelegate.m */ = {isa = PBXFileReference; lastKnownFileType = sourcecode.c.objc; path = AppDelegate.m; sourceTree = "<group>"; };
		AE9563FF1C4488A600379A5E /* Assets.xcassets */ = {isa = PBXFileReference; lastKnownFileType = folder.assetcatalog; path = Assets.xcassets; sourceTree = "<group>"; };
		AE9564021C4488A600379A5E /* Base */ = {isa = PBXFileReference; lastKnownFileType = file.storyboard; name = Base; path = Base.lproj/LaunchScreen.storyboard; sourceTree = "<group>"; };
		AE9564041C4488A600379A5E /* Info.plist */ = {isa = PBXFileReference; lastKnownFileType = text.plist.xml; path = Info.plist; sourceTree = "<group>"; };
		AE9564091C4488A600379A5E /* TuneInStationTests.xctest */ = {isa = PBXFileReference; explicitFileType = wrapper.cfbundle; includeInIndex = 0; path = TuneInStationTests.xctest; sourceTree = BUILT_PRODUCTS_DIR; };
		AE95640D1C4488A600379A5E /* TuneInStationTests.m */ = {isa = PBXFileReference; lastKnownFileType = sourcecode.c.objc; path = TuneInStationTests.m; sourceTree = "<group>"; };
		AE95640F1C4488A600379A5E /* Info.plist */ = {isa = PBXFileReference; lastKnownFileType = text.plist.xml; path = Info.plist; sourceTree = "<group>"; };
		AE9564191C448B4D00379A5E /* CommonDefine.h */ = {isa = PBXFileReference; fileEncoding = 4; lastKnownFileType = sourcecode.c.h; path = CommonDefine.h; sourceTree = "<group>"; };
		AE95641A1C448B4D00379A5E /* ValueKeyDefine.h */ = {isa = PBXFileReference; fileEncoding = 4; lastKnownFileType = sourcecode.c.h; path = ValueKeyDefine.h; sourceTree = "<group>"; };
		AE95641B1C448B9B00379A5E /* TuneInStation-Prefix.pch */ = {isa = PBXFileReference; fileEncoding = 4; lastKnownFileType = sourcecode.c.h; path = "TuneInStation-Prefix.pch"; sourceTree = "<group>"; };
		AE95641F1C448ED300379A5E /* MainTableViewController.h */ = {isa = PBXFileReference; fileEncoding = 4; lastKnownFileType = sourcecode.c.h; name = MainTableViewController.h; path = VCs/MainTableViewController.h; sourceTree = "<group>"; };
		AE9564201C448ED300379A5E /* MainTableViewController.m */ = {isa = PBXFileReference; fileEncoding = 4; lastKnownFileType = sourcecode.c.objc; name = MainTableViewController.m; path = VCs/MainTableViewController.m; sourceTree = "<group>"; };
		AE9564211C448ED300379A5E /* MainTableViewController.xib */ = {isa = PBXFileReference; fileEncoding = 4; lastKnownFileType = file.xib; name = MainTableViewController.xib; path = VCs/MainTableViewController.xib; sourceTree = "<group>"; };
		AE9564271C44904200379A5E /* stationFetchManager.h */ = {isa = PBXFileReference; fileEncoding = 4; lastKnownFileType = sourcecode.c.h; name = stationFetchManager.h; path = Modal/stationFetchManager.h; sourceTree = "<group>"; };
		AE9564281C44904200379A5E /* stationFetchManager.m */ = {isa = PBXFileReference; fileEncoding = 4; lastKnownFileType = sourcecode.c.objc; name = stationFetchManager.m; path = Modal/stationFetchManager.m; sourceTree = "<group>"; };
		AE95642F1C44964000379A5E /* stationCategory.h */ = {isa = PBXFileReference; fileEncoding = 4; lastKnownFileType = sourcecode.c.h; name = stationCategory.h; path = Modal/stationCategory.h; sourceTree = "<group>"; };
		AE9564301C44964000379A5E /* stationCategory.m */ = {isa = PBXFileReference; fileEncoding = 4; lastKnownFileType = sourcecode.c.objc; name = stationCategory.m; path = Modal/stationCategory.m; sourceTree = "<group>"; };
		AE9564321C44C93A00379A5E /* station.h */ = {isa = PBXFileReference; fileEncoding = 4; lastKnownFileType = sourcecode.c.h; name = station.h; path = Modal/station.h; sourceTree = "<group>"; };
		AE9564331C44C93A00379A5E /* station.m */ = {isa = PBXFileReference; fileEncoding = 4; lastKnownFileType = sourcecode.c.objc; name = station.m; path = Modal/station.m; sourceTree = "<group>"; };
/* End PBXFileReference section */

/* Begin PBXFrameworksBuildPhase section */
		AE9563ED1C4488A600379A5E /* Frameworks */ = {
			isa = PBXFrameworksBuildPhase;
			buildActionMask = 2147483647;
			files = (
				F911BBCCF46E932128F2B8C6 /* libPods.a in Frameworks */,
			);
			runOnlyForDeploymentPostprocessing = 0;
		};
		AE9564061C4488A600379A5E /* Frameworks */ = {
			isa = PBXFrameworksBuildPhase;
			buildActionMask = 2147483647;
			files = (
			);
			runOnlyForDeploymentPostprocessing = 0;
		};
/* End PBXFrameworksBuildPhase section */

/* Begin PBXGroup section */
		2650550AC06592CDE4396610 /* Pods */ = {
			isa = PBXGroup;
			children = (
				76E0404CC156D308EC44DE0B /* Pods.debug.xcconfig */,
				2176FE72E828440407DAABF6 /* Pods.release.xcconfig */,
			);
			name = Pods;
			sourceTree = "<group>";
		};
		820125874A8A66A0300C9E8A /* Frameworks */ = {
			isa = PBXGroup;
			children = (
				4F85E175587FCCC262F25851 /* libPods.a */,
			);
			name = Frameworks;
			sourceTree = "<group>";
		};
		AE9563E71C4488A600379A5E = {
			isa = PBXGroup;
			children = (
				AE9563F21C4488A600379A5E /* TuneInStation */,
				AE95640C1C4488A600379A5E /* TuneInStationTests */,
				AE9563F11C4488A600379A5E /* Products */,
				2650550AC06592CDE4396610 /* Pods */,
				820125874A8A66A0300C9E8A /* Frameworks */,
			);
			sourceTree = "<group>";
		};
		AE9563F11C4488A600379A5E /* Products */ = {
			isa = PBXGroup;
			children = (
				AE9563F01C4488A600379A5E /* TuneInStation.app */,
				AE9564091C4488A600379A5E /* TuneInStationTests.xctest */,
			);
			name = Products;
			sourceTree = "<group>";
		};
		AE9563F21C4488A600379A5E /* TuneInStation */ = {
			isa = PBXGroup;
			children = (
				AE95641E1C448DEE00379A5E /* Controller */,
				AE95641D1C448DDB00379A5E /* View */,
				AE95641C1C448DCF00379A5E /* Modal */,
				AE9564181C448B1300379A5E /* General */,
				AE9563F61C4488A600379A5E /* AppDelegate.h */,
				AE9563F71C4488A600379A5E /* AppDelegate.m */,
				AE9563FF1C4488A600379A5E /* Assets.xcassets */,
				AE9564011C4488A600379A5E /* LaunchScreen.storyboard */,
				AE9564041C4488A600379A5E /* Info.plist */,
				AE9563F31C4488A600379A5E /* Supporting Files */,
			);
			path = TuneInStation;
			sourceTree = "<group>";
		};
		AE9563F31C4488A600379A5E /* Supporting Files */ = {
			isa = PBXGroup;
			children = (
				AE9563F41C4488A600379A5E /* main.m */,
				AE95641B1C448B9B00379A5E /* TuneInStation-Prefix.pch */,
			);
			name = "Supporting Files";
			sourceTree = "<group>";
		};
		AE95640C1C4488A600379A5E /* TuneInStationTests */ = {
			isa = PBXGroup;
			children = (
				AE95640D1C4488A600379A5E /* TuneInStationTests.m */,
				AE95640F1C4488A600379A5E /* Info.plist */,
			);
			path = TuneInStationTests;
			sourceTree = "<group>";
		};
		AE9564181C448B1300379A5E /* General */ = {
			isa = PBXGroup;
			children = (
				AE9564191C448B4D00379A5E /* CommonDefine.h */,
				AE95641A1C448B4D00379A5E /* ValueKeyDefine.h */,
			);
			name = General;
			sourceTree = "<group>";
		};
		AE95641C1C448DCF00379A5E /* Modal */ = {
			isa = PBXGroup;
			children = (
				AE9564271C44904200379A5E /* stationFetchManager.h */,
				AE9564281C44904200379A5E /* stationFetchManager.m */,
				AE95642F1C44964000379A5E /* stationCategory.h */,
				AE9564301C44964000379A5E /* stationCategory.m */,
				AE9564321C44C93A00379A5E /* station.h */,
				AE9564331C44C93A00379A5E /* station.m */,
			);
			name = Modal;
			sourceTree = "<group>";
		};
		AE95641D1C448DDB00379A5E /* View */ = {
			isa = PBXGroup;
			children = (
			);
			name = View;
			sourceTree = "<group>";
		};
		AE95641E1C448DEE00379A5E /* Controller */ = {
			isa = PBXGroup;
			children = (
				AE95641F1C448ED300379A5E /* MainTableViewController.h */,
				AE9564201C448ED300379A5E /* MainTableViewController.m */,
				AE9564211C448ED300379A5E /* MainTableViewController.xib */,
			);
			name = Controller;
			sourceTree = "<group>";
		};
/* End PBXGroup section */

/* Begin PBXNativeTarget section */
		AE9563EF1C4488A600379A5E /* TuneInStation */ = {
			isa = PBXNativeTarget;
			buildConfigurationList = AE9564121C4488A600379A5E /* Build configuration list for PBXNativeTarget "TuneInStation" */;
			buildPhases = (
				7D90B7D8B5CDDCC3B921CC33 /* Check Pods Manifest.lock */,
				AE9563EC1C4488A600379A5E /* Sources */,
				AE9563ED1C4488A600379A5E /* Frameworks */,
				AE9563EE1C4488A600379A5E /* Resources */,
				933812EBA19E09B1CA97095C /* Embed Pods Frameworks */,
				21AE080F5AC05130E190D3DA /* Copy Pods Resources */,
			);
			buildRules = (
			);
			dependencies = (
			);
			name = TuneInStation;
			productName = TuneInStation;
			productReference = AE9563F01C4488A600379A5E /* TuneInStation.app */;
			productType = "com.apple.product-type.application";
		};
		AE9564081C4488A600379A5E /* TuneInStationTests */ = {
			isa = PBXNativeTarget;
			buildConfigurationList = AE9564151C4488A600379A5E /* Build configuration list for PBXNativeTarget "TuneInStationTests" */;
			buildPhases = (
				AE9564051C4488A600379A5E /* Sources */,
				AE9564061C4488A600379A5E /* Frameworks */,
				AE9564071C4488A600379A5E /* Resources */,
			);
			buildRules = (
			);
			dependencies = (
				AE95640B1C4488A600379A5E /* PBXTargetDependency */,
			);
			name = TuneInStationTests;
			productName = TuneInStationTests;
			productReference = AE9564091C4488A600379A5E /* TuneInStationTests.xctest */;
			productType = "com.apple.product-type.bundle.unit-test";
		};
/* End PBXNativeTarget section */

/* Begin PBXProject section */
		AE9563E81C4488A600379A5E /* Project object */ = {
			isa = PBXProject;
			attributes = {
				LastUpgradeCheck = 0720;
				ORGANIZATIONNAME = "Liu Zhe";
				TargetAttributes = {
					AE9563EF1C4488A600379A5E = {
						CreatedOnToolsVersion = 7.2;
					};
					AE9564081C4488A600379A5E = {
						CreatedOnToolsVersion = 7.2;
						TestTargetID = AE9563EF1C4488A600379A5E;
					};
				};
			};
			buildConfigurationList = AE9563EB1C4488A600379A5E /* Build configuration list for PBXProject "TuneInStation" */;
			compatibilityVersion = "Xcode 3.2";
			developmentRegion = English;
			hasScannedForEncodings = 0;
			knownRegions = (
				en,
				Base,
			);
			mainGroup = AE9563E71C4488A600379A5E;
			productRefGroup = AE9563F11C4488A600379A5E /* Products */;
			projectDirPath = "";
			projectRoot = "";
			targets = (
				AE9563EF1C4488A600379A5E /* TuneInStation */,
				AE9564081C4488A600379A5E /* TuneInStationTests */,
			);
		};
/* End PBXProject section */

/* Begin PBXResourcesBuildPhase section */
		AE9563EE1C4488A600379A5E /* Resources */ = {
			isa = PBXResourcesBuildPhase;
			buildActionMask = 2147483647;
			files = (
				AE9564031C4488A600379A5E /* LaunchScreen.storyboard in Resources */,
				AE9564231C448ED300379A5E /* MainTableViewController.xib in Resources */,
				AE9564001C4488A600379A5E /* Assets.xcassets in Resources */,
			);
			runOnlyForDeploymentPostprocessing = 0;
		};
		AE9564071C4488A600379A5E /* Resources */ = {
			isa = PBXResourcesBuildPhase;
			buildActionMask = 2147483647;
			files = (
			);
			runOnlyForDeploymentPostprocessing = 0;
		};
/* End PBXResourcesBuildPhase section */

/* Begin PBXShellScriptBuildPhase section */
		21AE080F5AC05130E190D3DA /* Copy Pods Resources */ = {
			isa = PBXShellScriptBuildPhase;
			buildActionMask = 2147483647;
			files = (
			);
			inputPaths = (
			);
			name = "Copy Pods Resources";
			outputPaths = (
			);
			runOnlyForDeploymentPostprocessing = 0;
			shellPath = /bin/sh;
			shellScript = "\"${SRCROOT}/Pods/Target Support Files/Pods/Pods-resources.sh\"\n";
			showEnvVarsInLog = 0;
		};
		7D90B7D8B5CDDCC3B921CC33 /* Check Pods Manifest.lock */ = {
			isa = PBXShellScriptBuildPhase;
			buildActionMask = 2147483647;
			files = (
			);
			inputPaths = (
			);
			name = "Check Pods Manifest.lock";
			outputPaths = (
			);
			runOnlyForDeploymentPostprocessing = 0;
			shellPath = /bin/sh;
			shellScript = "diff \"${PODS_ROOT}/../Podfile.lock\" \"${PODS_ROOT}/Manifest.lock\" > /dev/null\nif [[ $? != 0 ]] ; then\n    cat << EOM\nerror: The sandbox is not in sync with the Podfile.lock. Run 'pod install' or update your CocoaPods installation.\nEOM\n    exit 1\nfi\n";
			showEnvVarsInLog = 0;
		};
		933812EBA19E09B1CA97095C /* Embed Pods Frameworks */ = {
			isa = PBXShellScriptBuildPhase;
			buildActionMask = 2147483647;
			files = (
			);
			inputPaths = (
			);
			name = "Embed Pods Frameworks";
			outputPaths = (
			);
			runOnlyForDeploymentPostprocessing = 0;
			shellPath = /bin/sh;
			shellScript = "\"${SRCROOT}/Pods/Target Support Files/Pods/Pods-frameworks.sh\"\n";
			showEnvVarsInLog = 0;
		};
/* End PBXShellScriptBuildPhase section */

/* Begin PBXSourcesBuildPhase section */
		AE9563EC1C4488A600379A5E /* Sources */ = {
			isa = PBXSourcesBuildPhase;
			buildActionMask = 2147483647;
			files = (
				AE9564341C44C93A00379A5E /* station.m in Sources */,
				AE9563F81C4488A600379A5E /* AppDelegate.m in Sources */,
				AE9563F51C4488A600379A5E /* main.m in Sources */,
				AE9564221C448ED300379A5E /* MainTableViewController.m in Sources */,
				AE9564311C44964000379A5E /* stationCategory.m in Sources */,
				AE9564291C44904200379A5E /* stationFetchManager.m in Sources */,
			);
			runOnlyForDeploymentPostprocessing = 0;
		};
		AE9564051C4488A600379A5E /* Sources */ = {
			isa = PBXSourcesBuildPhase;
			buildActionMask = 2147483647;
			files = (
				AE95640E1C4488A600379A5E /* TuneInStationTests.m in Sources */,
			);
			runOnlyForDeploymentPostprocessing = 0;
		};
/* End PBXSourcesBuildPhase section */

/* Begin PBXTargetDependency section */
		AE95640B1C4488A600379A5E /* PBXTargetDependency */ = {
			isa = PBXTargetDependency;
			target = AE9563EF1C4488A600379A5E /* TuneInStation */;
			targetProxy = AE95640A1C4488A600379A5E /* PBXContainerItemProxy */;
		};
/* End PBXTargetDependency section */

/* Begin PBXVariantGroup section */
		AE9564011C4488A600379A5E /* LaunchScreen.storyboard */ = {
			isa = PBXVariantGroup;
			children = (
				AE9564021C4488A600379A5E /* Base */,
			);
			name = LaunchScreen.storyboard;
			sourceTree = "<group>";
		};
/* End PBXVariantGroup section */

/* Begin XCBuildConfiguration section */
		AE9564101C4488A600379A5E /* Debug */ = {
			isa = XCBuildConfiguration;
			buildSettings = {
				ALWAYS_SEARCH_USER_PATHS = NO;
				CLANG_CXX_LANGUAGE_STANDARD = "gnu++0x";
				CLANG_CXX_LIBRARY = "libc++";
				CLANG_ENABLE_MODULES = YES;
				CLANG_ENABLE_OBJC_ARC = YES;
				CLANG_WARN_BOOL_CONVERSION = YES;
				CLANG_WARN_CONSTANT_CONVERSION = YES;
				CLANG_WARN_DIRECT_OBJC_ISA_USAGE = YES_ERROR;
				CLANG_WARN_EMPTY_BODY = YES;
				CLANG_WARN_ENUM_CONVERSION = YES;
				CLANG_WARN_INT_CONVERSION = YES;
				CLANG_WARN_OBJC_ROOT_CLASS = YES_ERROR;
				CLANG_WARN_UNREACHABLE_CODE = YES;
				CLANG_WARN__DUPLICATE_METHOD_MATCH = YES;
				"CODE_SIGN_IDENTITY[sdk=iphoneos*]" = "iPhone Developer";
				COPY_PHASE_STRIP = NO;
				DEBUG_INFORMATION_FORMAT = dwarf;
				ENABLE_STRICT_OBJC_MSGSEND = YES;
				ENABLE_TESTABILITY = YES;
				GCC_C_LANGUAGE_STANDARD = gnu99;
				GCC_DYNAMIC_NO_PIC = NO;
				GCC_NO_COMMON_BLOCKS = YES;
				GCC_OPTIMIZATION_LEVEL = 0;
				GCC_PREPROCESSOR_DEFINITIONS = (
					"DEBUG=1",
					"$(inherited)",
				);
				GCC_WARN_64_TO_32_BIT_CONVERSION = YES;
				GCC_WARN_ABOUT_RETURN_TYPE = YES_ERROR;
				GCC_WARN_UNDECLARED_SELECTOR = YES;
				GCC_WARN_UNINITIALIZED_AUTOS = YES_AGGRESSIVE;
				GCC_WARN_UNUSED_FUNCTION = YES;
				GCC_WARN_UNUSED_VARIABLE = YES;
				IPHONEOS_DEPLOYMENT_TARGET = 9.2;
				MTL_ENABLE_DEBUG_INFO = YES;
				ONLY_ACTIVE_ARCH = YES;
				SDKROOT = iphoneos;
			};
			name = Debug;
		};
		AE9564111C4488A600379A5E /* Release */ = {
			isa = XCBuildConfiguration;
			buildSettings = {
				ALWAYS_SEARCH_USER_PATHS = NO;
				CLANG_CXX_LANGUAGE_STANDARD = "gnu++0x";
				CLANG_CXX_LIBRARY = "libc++";
				CLANG_ENABLE_MODULES = YES;
				CLANG_ENABLE_OBJC_ARC = YES;
				CLANG_WARN_BOOL_CONVERSION = YES;
				CLANG_WARN_CONSTANT_CONVERSION = YES;
				CLANG_WARN_DIRECT_OBJC_ISA_USAGE = YES_ERROR;
				CLANG_WARN_EMPTY_BODY = YES;
				CLANG_WARN_ENUM_CONVERSION = YES;
				CLANG_WARN_INT_CONVERSION = YES;
				CLANG_WARN_OBJC_ROOT_CLASS = YES_ERROR;
				CLANG_WARN_UNREACHABLE_CODE = YES;
				CLANG_WARN__DUPLICATE_METHOD_MATCH = YES;
				"CODE_SIGN_IDENTITY[sdk=iphoneos*]" = "iPhone Developer";
				COPY_PHASE_STRIP = NO;
				DEBUG_INFORMATION_FORMAT = "dwarf-with-dsym";
				ENABLE_NS_ASSERTIONS = NO;
				ENABLE_STRICT_OBJC_MSGSEND = YES;
				GCC_C_LANGUAGE_STANDARD = gnu99;
				GCC_NO_COMMON_BLOCKS = YES;
				GCC_WARN_64_TO_32_BIT_CONVERSION = YES;
				GCC_WARN_ABOUT_RETURN_TYPE = YES_ERROR;
				GCC_WARN_UNDECLARED_SELECTOR = YES;
				GCC_WARN_UNINITIALIZED_AUTOS = YES_AGGRESSIVE;
				GCC_WARN_UNUSED_FUNCTION = YES;
				GCC_WARN_UNUSED_VARIABLE = YES;
				IPHONEOS_DEPLOYMENT_TARGET = 9.2;
				MTL_ENABLE_DEBUG_INFO = NO;
				SDKROOT = iphoneos;
				VALIDATE_PRODUCT = YES;
			};
			name = Release;
		};
		AE9564131C4488A600379A5E /* Debug */ = {
			isa = XCBuildConfiguration;
			baseConfigurationReference = 76E0404CC156D308EC44DE0B /* Pods.debug.xcconfig */;
			buildSettings = {
				ASSETCATALOG_COMPILER_APPICON_NAME = AppIcon;
				GCC_PREFIX_HEADER = "TuneInStation/TuneInStation-Prefix.pch";
				INFOPLIST_FILE = TuneInStation/Info.plist;
				IPHONEOS_DEPLOYMENT_TARGET = 8.0;
				LD_RUNPATH_SEARCH_PATHS = "$(inherited) @executable_path/Frameworks";
				PRODUCT_BUNDLE_IDENTIFIER = ZL.TuneInStation;
				PRODUCT_NAME = "$(TARGET_NAME)";
			};
			name = Debug;
		};
		AE9564141C4488A600379A5E /* Release */ = {
			isa = XCBuildConfiguration;
			baseConfigurationReference = 2176FE72E828440407DAABF6 /* Pods.release.xcconfig */;
			buildSettings = {
				ASSETCATALOG_COMPILER_APPICON_NAME = AppIcon;
				GCC_PREFIX_HEADER = "TuneInStation/TuneInStation-Prefix.pch";
				INFOPLIST_FILE = TuneInStation/Info.plist;
				IPHONEOS_DEPLOYMENT_TARGET = 8.0;
				LD_RUNPATH_SEARCH_PATHS = "$(inherited) @executable_path/Frameworks";
				PRODUCT_BUNDLE_IDENTIFIER = ZL.TuneInStation;
				PRODUCT_NAME = "$(TARGET_NAME)";
			};
			name = Release;
		};
		AE9564161C4488A600379A5E /* Debug */ = {
			isa = XCBuildConfiguration;
			buildSettings = {
				BUNDLE_LOADER = "$(TEST_HOST)";
				INFOPLIST_FILE = TuneInStationTests/Info.plist;
				LD_RUNPATH_SEARCH_PATHS = "$(inherited) @executable_path/Frameworks @loader_path/Frameworks";
				PRODUCT_BUNDLE_IDENTIFIER = ZL.TuneInStationTests;
				PRODUCT_NAME = "$(TARGET_NAME)";
				TEST_HOST = "$(BUILT_PRODUCTS_DIR)/TuneInStation.app/TuneInStation";
			};
			name = Debug;
		};
		AE9564171C4488A600379A5E /* Release */ = {
			isa = XCBuildConfiguration;
			buildSettings = {
				BUNDLE_LOADER = "$(TEST_HOST)";
				INFOPLIST_FILE = TuneInStationTests/Info.plist;
				LD_RUNPATH_SEARCH_PATHS = "$(inherited) @executable_path/Frameworks @loader_path/Frameworks";
				PRODUCT_BUNDLE_IDENTIFIER = ZL.TuneInStationTests;
				PRODUCT_NAME = "$(TARGET_NAME)";
				TEST_HOST = "$(BUILT_PRODUCTS_DIR)/TuneInStation.app/TuneInStation";
			};
			name = Release;
		};
/* End XCBuildConfiguration section */

/* Begin XCConfigurationList section */
		AE9563EB1C4488A600379A5E /* Build configuration list for PBXProject "TuneInStation" */ = {
			isa = XCConfigurationList;
			buildConfigurations = (
				AE9564101C4488A600379A5E /* Debug */,
				AE9564111C4488A600379A5E /* Release */,
			);
			defaultConfigurationIsVisible = 0;
			defaultConfigurationName = Release;
		};
		AE9564121C4488A600379A5E /* Build configuration list for PBXNativeTarget "TuneInStation" */ = {
			isa = XCConfigurationList;
			buildConfigurations = (
				AE9564131C4488A600379A5E /* Debug */,
				AE9564141C4488A600379A5E /* Release */,
			);
			defaultConfigurationIsVisible = 0;
			defaultConfigurationName = Release;
		};
		AE9564151C4488A600379A5E /* Build configuration list for PBXNativeTarget "TuneInStationTests" */ = {
			isa = XCConfigurationList;
			buildConfigurations = (
				AE9564161C4488A600379A5E /* Debug */,
				AE9564171C4488A600379A5E /* Release */,
			);
			defaultConfigurationIsVisible = 0;
			defaultConfigurationName = Release;
		};
/* End XCConfigurationList section */
	};
	rootObject = AE9563E81C4488A600379A5E /* Project object */;
}
